{
  "pins" : [
    {
      "identity" : "chartview",
      "kind" : "remoteSourceControl",
      "location" : "https://github.com/AppPear/ChartView",
      "state" : {
        "revision" : "9115a992c91fa19cbb4f2241084240d38654a1fc",
        "version" : "1.5.5"
      }
    },
    {
      "identity" : "markdownkit",
      "kind" : "remoteSourceControl",
      "location" : "https://github.com/bmoliveira/MarkdownKit",
      "state" : {
        "branch" : "master",
        "revision" : "4270b02490752f5c224de790764465faf552ec63"
      }
    }
  ],
  "version" : 2
}
