// !$*UTF8*$!
{
	archiveVersion = 1;
	classes = {
	};
	objectVersion = 56;
	objects = {

/* Begin PBXBuildFile section */
		562E7D1A2B2AB1F1003A5E5C /* MessageHandler.swift in Sources */ = {isa = PBXBuildFile; fileRef = 562E7D192B2AB1F1003A5E5C /* MessageHandler.swift */; };
		562E7D1C2B2AB345003A5E5C /* MessageService.swift in Sources */ = {isa = PBXBuildFile; fileRef = 562E7D1B2B2AB345003A5E5C /* MessageService.swift */; };
		562E7D1F2B2D3786003A5E5C /* OpenAI in Frameworks */ = {isa = PBXBuildFile; productRef = 562E7D1E2B2D3786003A5E5C /* OpenAI */; };
		562E7D212B2D574E003A5E5C /* TodayView.swift in Sources */ = {isa = PBXBuildFile; fileRef = 562E7D202B2D574E003A5E5C /* TodayView.swift */; };
		562E7D232B2D576E003A5E5C /* StoryView.swift in Sources */ = {isa = PBXBuildFile; fileRef = 562E7D222B2D576E003A5E5C /* StoryView.swift */; };
		562E7D252B2D57A1003A5E5C /* InsightView.swift in Sources */ = {isa = PBXBuildFile; fileRef = 562E7D242B2D57A1003A5E5C /* InsightView.swift */; };
		562E7D282B2D9AF6003A5E5C /* SwiftUICharts in Frameworks */ = {isa = PBXBuildFile; productRef = 562E7D272B2D9AF6003A5E5C /* SwiftUICharts */; };
		562E7D2A2B2E942F003A5E5C /* ChartTest.swift in Sources */ = {isa = PBXBuildFile; fileRef = 562E7D292B2E942F003A5E5C /* ChartTest.swift */; };
		562E7D322B303CCF003A5E5C /* ChatViewModel.swift in Sources */ = {isa = PBXBuildFile; fileRef = 562E7D312B303CCF003A5E5C /* ChatViewModel.swift */; };
		562E7D342B303D24003A5E5C /* InsightData.swift in Sources */ = {isa = PBXBuildFile; fileRef = 562E7D332B303D24003A5E5C /* InsightData.swift */; };
		562E7D362B30405B003A5E5C /* DataStorageService.swift in Sources */ = {isa = PBXBuildFile; fileRef = 562E7D352B30405B003A5E5C /* DataStorageService.swift */; };
		562E7D382B304067003A5E5C /* DataAnalysisService.swift in Sources */ = {isa = PBXBuildFile; fileRef = 562E7D372B304067003A5E5C /* DataAnalysisService.swift */; };
		562E7D462B31E075003A5E5C /* DiaryModel.xcdatamodeld in Sources */ = {isa = PBXBuildFile; fileRef = 562E7D442B31E075003A5E5C /* DiaryModel.xcdatamodeld */; };
		562E7D482B31E1AE003A5E5C /* README.md in Resources */ = {isa = PBXBuildFile; fileRef = 562E7D472B31E1AE003A5E5C /* README.md */; };
		562E7D702B343D58003A5E5C /* OnboardingView.swift in Sources */ = {isa = PBXBuildFile; fileRef = 562E7D6F2B343D58003A5E5C /* OnboardingView.swift */; };
		562E7D722B3B068E003A5E5C /* SettingsView.swift in Sources */ = {isa = PBXBuildFile; fileRef = 562E7D712B3B068E003A5E5C /* SettingsView.swift */; };
		562E7D742B3EC5F5003A5E5C /* EditorView.swift in Sources */ = {isa = PBXBuildFile; fileRef = 562E7D732B3EC5F5003A5E5C /* EditorView.swift */; };
		562E7D772B3ECB77003A5E5C /* MarkdownKit in Frameworks */ = {isa = PBXBuildFile; productRef = 562E7D762B3ECB77003A5E5C /* MarkdownKit */; };
		56A2EBC12B442EBF00A99222 /* ChatStore.swift in Sources */ = {isa = PBXBuildFile; fileRef = 56A2EBC02B442EBF00A99222 /* ChatStore.swift */; };
		56A2EBC32B44413500A99222 /* Conversation.swift in Sources */ = {isa = PBXBuildFile; fileRef = 56A2EBC22B44413500A99222 /* Conversation.swift */; };
		56A2EBC52B44414800A99222 /* Message.swift in Sources */ = {isa = PBXBuildFile; fileRef = 56A2EBC42B44414800A99222 /* Message.swift */; };
		56EC17E52B28703100FC208E /* rainbow_dairyApp.swift in Sources */ = {isa = PBXBuildFile; fileRef = 56EC17E42B28703100FC208E /* rainbow_dairyApp.swift */; };
		56EC17E72B28703100FC208E /* ContentView.swift in Sources */ = {isa = PBXBuildFile; fileRef = 56EC17E62B28703100FC208E /* ContentView.swift */; };
		56EC17E92B28703200FC208E /* Assets.xcassets in Resources */ = {isa = PBXBuildFile; fileRef = 56EC17E82B28703200FC208E /* Assets.xcassets */; };
		56EC17EC2B28703200FC208E /* Preview Assets.xcassets in Resources */ = {isa = PBXBuildFile; fileRef = 56EC17EB2B28703200FC208E /* Preview Assets.xcassets */; };
		56EC17F62B28703300FC208E /* rainbow_dairyTests.swift in Sources */ = {isa = PBXBuildFile; fileRef = 56EC17F52B28703300FC208E /* rainbow_dairyTests.swift */; };
		56EC18002B28703300FC208E /* rainbow_dairyUITests.swift in Sources */ = {isa = PBXBuildFile; fileRef = 56EC17FF2B28703300FC208E /* rainbow_dairyUITests.swift */; };
		56EC18022B28703300FC208E /* rainbow_dairyUITestsLaunchTests.swift in Sources */ = {isa = PBXBuildFile; fileRef = 56EC18012B28703300FC208E /* rainbow_dairyUITestsLaunchTests.swift */; };
/* End PBXBuildFile section */

/* Begin PBXContainerItemProxy section */
		56EC17F22B28703300FC208E /* PBXContainerItemProxy */ = {
			isa = PBXContainerItemProxy;
			containerPortal = 56EC17D92B28703100FC208E /* Project object */;
			proxyType = 1;
			remoteGlobalIDString = 56EC17E02B28703100FC208E;
			remoteInfo = "rainbow-dairy";
		};
		56EC17FC2B28703300FC208E /* PBXContainerItemProxy */ = {
			isa = PBXContainerItemProxy;
			containerPortal = 56EC17D92B28703100FC208E /* Project object */;
			proxyType = 1;
			remoteGlobalIDString = 56EC17E02B28703100FC208E;
			remoteInfo = "rainbow-dairy";
		};
/* End PBXContainerItemProxy section */

/* Begin PBXFileReference section */
		562E7D192B2AB1F1003A5E5C /* MessageHandler.swift */ = {isa = PBXFileReference; lastKnownFileType = sourcecode.swift; path = MessageHandler.swift; sourceTree = "<group>"; };
		562E7D1B2B2AB345003A5E5C /* MessageService.swift */ = {isa = PBXFileReference; lastKnownFileType = sourcecode.swift; path = MessageService.swift; sourceTree = "<group>"; };
		562E7D202B2D574E003A5E5C /* TodayView.swift */ = {isa = PBXFileReference; lastKnownFileType = sourcecode.swift; path = TodayView.swift; sourceTree = "<group>"; };
		562E7D222B2D576E003A5E5C /* StoryView.swift */ = {isa = PBXFileReference; lastKnownFileType = sourcecode.swift; path = StoryView.swift; sourceTree = "<group>"; };
		562E7D242B2D57A1003A5E5C /* InsightView.swift */ = {isa = PBXFileReference; lastKnownFileType = sourcecode.swift; path = InsightView.swift; sourceTree = "<group>"; };
		562E7D292B2E942F003A5E5C /* ChartTest.swift */ = {isa = PBXFileReference; lastKnownFileType = sourcecode.swift; path = ChartTest.swift; sourceTree = "<group>"; };
		562E7D312B303CCF003A5E5C /* ChatViewModel.swift */ = {isa = PBXFileReference; lastKnownFileType = sourcecode.swift; path = ChatViewModel.swift; sourceTree = "<group>"; };
		562E7D332B303D24003A5E5C /* InsightData.swift */ = {isa = PBXFileReference; lastKnownFileType = sourcecode.swift; path = InsightData.swift; sourceTree = "<group>"; };
		562E7D352B30405B003A5E5C /* DataStorageService.swift */ = {isa = PBXFileReference; lastKnownFileType = sourcecode.swift; path = DataStorageService.swift; sourceTree = "<group>"; };
		562E7D372B304067003A5E5C /* DataAnalysisService.swift */ = {isa = PBXFileReference; lastKnownFileType = sourcecode.swift; path = DataAnalysisService.swift; sourceTree = "<group>"; };
		562E7D452B31E075003A5E5C /* DiaryModel.xcdatamodel */ = {isa = PBXFileReference; lastKnownFileType = wrapper.xcdatamodel; path = DiaryModel.xcdatamodel; sourceTree = "<group>"; };
		562E7D472B31E1AE003A5E5C /* README.md */ = {isa = PBXFileReference; fileEncoding = 4; lastKnownFileType = net.daringfireball.markdown; path = README.md; sourceTree = "<group>"; };
		562E7D4A2B31E20D003A5E5C /* Design.md */ = {isa = PBXFileReference; lastKnownFileType = net.daringfireball.markdown; path = Design.md; sourceTree = "<group>"; };
		562E7D6F2B343D58003A5E5C /* OnboardingView.swift */ = {isa = PBXFileReference; lastKnownFileType = sourcecode.swift; path = OnboardingView.swift; sourceTree = "<group>"; };
		562E7D712B3B068E003A5E5C /* SettingsView.swift */ = {isa = PBXFileReference; lastKnownFileType = sourcecode.swift; path = SettingsView.swift; sourceTree = "<group>"; };
		562E7D732B3EC5F5003A5E5C /* EditorView.swift */ = {isa = PBXFileReference; lastKnownFileType = sourcecode.swift; path = EditorView.swift; sourceTree = "<group>"; };
		56A2EBC02B442EBF00A99222 /* ChatStore.swift */ = {isa = PBXFileReference; lastKnownFileType = sourcecode.swift; path = ChatStore.swift; sourceTree = "<group>"; };
		56A2EBC22B44413500A99222 /* Conversation.swift */ = {isa = PBXFileReference; lastKnownFileType = sourcecode.swift; path = Conversation.swift; sourceTree = "<group>"; };
		56A2EBC42B44414800A99222 /* Message.swift */ = {isa = PBXFileReference; lastKnownFileType = sourcecode.swift; path = Message.swift; sourceTree = "<group>"; };
		56EC17E12B28703100FC208E /* rainbow-dairy.app */ = {isa = PBXFileReference; explicitFileType = wrapper.application; includeInIndex = 0; path = "rainbow-dairy.app"; sourceTree = BUILT_PRODUCTS_DIR; };
		56EC17E42B28703100FC208E /* rainbow_dairyApp.swift */ = {isa = PBXFileReference; lastKnownFileType = sourcecode.swift; path = rainbow_dairyApp.swift; sourceTree = "<group>"; };
		56EC17E62B28703100FC208E /* ContentView.swift */ = {isa = PBXFileReference; lastKnownFileType = sourcecode.swift; path = ContentView.swift; sourceTree = "<group>"; };
		56EC17E82B28703200FC208E /* Assets.xcassets */ = {isa = PBXFileReference; lastKnownFileType = folder.assetcatalog; path = Assets.xcassets; sourceTree = "<group>"; };
		56EC17EB2B28703200FC208E /* Preview Assets.xcassets */ = {isa = PBXFileReference; lastKnownFileType = folder.assetcatalog; path = "Preview Assets.xcassets"; sourceTree = "<group>"; };
		56EC17F12B28703300FC208E /* rainbow-dairyTests.xctest */ = {isa = PBXFileReference; explicitFileType = wrapper.cfbundle; includeInIndex = 0; path = "rainbow-dairyTests.xctest"; sourceTree = BUILT_PRODUCTS_DIR; };
		56EC17F52B28703300FC208E /* rainbow_dairyTests.swift */ = {isa = PBXFileReference; lastKnownFileType = sourcecode.swift; path = rainbow_dairyTests.swift; sourceTree = "<group>"; };
		56EC17FB2B28703300FC208E /* rainbow-dairyUITests.xctest */ = {isa = PBXFileReference; explicitFileType = wrapper.cfbundle; includeInIndex = 0; path = "rainbow-dairyUITests.xctest"; sourceTree = BUILT_PRODUCTS_DIR; };
		56EC17FF2B28703300FC208E /* rainbow_dairyUITests.swift */ = {isa = PBXFileReference; lastKnownFileType = sourcecode.swift; path = rainbow_dairyUITests.swift; sourceTree = "<group>"; };
		56EC18012B28703300FC208E /* rainbow_dairyUITestsLaunchTests.swift */ = {isa = PBXFileReference; lastKnownFileType = sourcecode.swift; path = rainbow_dairyUITestsLaunchTests.swift; sourceTree = "<group>"; };
/* End PBXFileReference section */

/* Begin PBXFrameworksBuildPhase section */
		56EC17DE2B28703100FC208E /* Frameworks */ = {
			isa = PBXFrameworksBuildPhase;
			buildActionMask = 2147483647;
			files = (
				562E7D282B2D9AF6003A5E5C /* SwiftUICharts in Frameworks */,
				562E7D772B3ECB77003A5E5C /* MarkdownKit in Frameworks */,
				562E7D1F2B2D3786003A5E5C /* OpenAI in Frameworks */,
			);
			runOnlyForDeploymentPostprocessing = 0;
		};
		56EC17EE2B28703300FC208E /* Frameworks */ = {
			isa = PBXFrameworksBuildPhase;
			buildActionMask = 2147483647;
			files = (
			);
			runOnlyForDeploymentPostprocessing = 0;
		};
		56EC17F82B28703300FC208E /* Frameworks */ = {
			isa = PBXFrameworksBuildPhase;
			buildActionMask = 2147483647;
			files = (
			);
			runOnlyForDeploymentPostprocessing = 0;
		};
/* End PBXFrameworksBuildPhase section */

/* Begin PBXGroup section */
		562E7D182B2AB1BD003A5E5C /* Utilities */ = {
			isa = PBXGroup;
			children = (
				562E7D192B2AB1F1003A5E5C /* MessageHandler.swift */,
				562E7D1B2B2AB345003A5E5C /* MessageService.swift */,
				56A2EBC02B442EBF00A99222 /* ChatStore.swift */,
			);
			path = Utilities;
			sourceTree = "<group>";
		};
		562E7D2B2B303B50003A5E5C /* Models */ = {
			isa = PBXGroup;
			children = (
				562E7D332B303D24003A5E5C /* InsightData.swift */,
				562E7D442B31E075003A5E5C /* DiaryModel.xcdatamodeld */,
				56A2EBC22B44413500A99222 /* Conversation.swift */,
				56A2EBC42B44414800A99222 /* Message.swift */,
			);
			path = Models;
			sourceTree = "<group>";
		};
		562E7D2C2B303B96003A5E5C /* Views */ = {
			isa = PBXGroup;
			children = (
				56EC17E62B28703100FC208E /* ContentView.swift */,
				562E7D202B2D574E003A5E5C /* TodayView.swift */,
				562E7D222B2D576E003A5E5C /* StoryView.swift */,
				562E7D242B2D57A1003A5E5C /* InsightView.swift */,
				562E7D6F2B343D58003A5E5C /* OnboardingView.swift */,
				562E7D712B3B068E003A5E5C /* SettingsView.swift */,
				562E7D732B3EC5F5003A5E5C /* EditorView.swift */,
			);
			path = Views;
			sourceTree = "<group>";
		};
		562E7D2D2B303BA4003A5E5C /* ViewModels */ = {
			isa = PBXGroup;
			children = (
				562E7D312B303CCF003A5E5C /* ChatViewModel.swift */,
			);
			path = ViewModels;
			sourceTree = "<group>";
		};
		562E7D2E2B303BB0003A5E5C /* Services */ = {
			isa = PBXGroup;
			children = (
				562E7D352B30405B003A5E5C /* DataStorageService.swift */,
				562E7D372B304067003A5E5C /* DataAnalysisService.swift */,
			);
			path = Services;
			sourceTree = "<group>";
		};
		562E7D492B31E1C3003A5E5C /* Docs */ = {
			isa = PBXGroup;
			children = (
				562E7D4A2B31E20D003A5E5C /* Design.md */,
			);
			path = Docs;
			sourceTree = "<group>";
		};
		56EC17D82B28703100FC208E = {
			isa = PBXGroup;
			children = (
				562E7D492B31E1C3003A5E5C /* Docs */,
				562E7D472B31E1AE003A5E5C /* README.md */,
				562E7D2E2B303BB0003A5E5C /* Services */,
				562E7D2D2B303BA4003A5E5C /* ViewModels */,
				562E7D2C2B303B96003A5E5C /* Views */,
				562E7D2B2B303B50003A5E5C /* Models */,
				562E7D182B2AB1BD003A5E5C /* Utilities */,
				56EC17E32B28703100FC208E /* rainbow-dairy */,
				56EC17F42B28703300FC208E /* rainbow-dairyTests */,
				56EC17FE2B28703300FC208E /* rainbow-dairyUITests */,
				56EC17E22B28703100FC208E /* Products */,
			);
			sourceTree = "<group>";
		};
		56EC17E22B28703100FC208E /* Products */ = {
			isa = PBXGroup;
			children = (
				56EC17E12B28703100FC208E /* rainbow-dairy.app */,
				56EC17F12B28703300FC208E /* rainbow-dairyTests.xctest */,
				56EC17FB2B28703300FC208E /* rainbow-dairyUITests.xctest */,
			);
			name = Products;
			sourceTree = "<group>";
		};
		56EC17E32B28703100FC208E /* rainbow-dairy */ = {
			isa = PBXGroup;
			children = (
				56EC17E42B28703100FC208E /* rainbow_dairyApp.swift */,
				56EC17E82B28703200FC208E /* Assets.xcassets */,
				56EC17EA2B28703200FC208E /* Preview Content */,
				562E7D292B2E942F003A5E5C /* ChartTest.swift */,
			);
			path = "rainbow-dairy";
			sourceTree = "<group>";
		};
		56EC17EA2B28703200FC208E /* Preview Content */ = {
			isa = PBXGroup;
			children = (
				56EC17EB2B28703200FC208E /* Preview Assets.xcassets */,
			);
			path = "Preview Content";
			sourceTree = "<group>";
		};
		56EC17F42B28703300FC208E /* rainbow-dairyTests */ = {
			isa = PBXGroup;
			children = (
				56EC17F52B28703300FC208E /* rainbow_dairyTests.swift */,
			);
			path = "rainbow-dairyTests";
			sourceTree = "<group>";
		};
		56EC17FE2B28703300FC208E /* rainbow-dairyUITests */ = {
			isa = PBXGroup;
			children = (
				56EC17FF2B28703300FC208E /* rainbow_dairyUITests.swift */,
				56EC18012B28703300FC208E /* rainbow_dairyUITestsLaunchTests.swift */,
			);
			path = "rainbow-dairyUITests";
			sourceTree = "<group>";
		};
/* End PBXGroup section */

/* Begin PBXNativeTarget section */
		56EC17E02B28703100FC208E /* rainbow-dairy */ = {
			isa = PBXNativeTarget;
			buildConfigurationList = 56EC18052B28703300FC208E /* Build configuration list for PBXNativeTarget "rainbow-dairy" */;
			buildPhases = (
				56EC17DD2B28703100FC208E /* Sources */,
				56EC17DE2B28703100FC208E /* Frameworks */,
				56EC17DF2B28703100FC208E /* Resources */,
			);
			buildRules = (
			);
			dependencies = (
			);
			name = "rainbow-dairy";
			packageProductDependencies = (
				562E7D1E2B2D3786003A5E5C /* OpenAI */,
				562E7D272B2D9AF6003A5E5C /* SwiftUICharts */,
				562E7D762B3ECB77003A5E5C /* MarkdownKit */,
			);
			productName = "rainbow-dairy";
			productReference = 56EC17E12B28703100FC208E /* rainbow-dairy.app */;
			productType = "com.apple.product-type.application";
		};
		56EC17F02B28703300FC208E /* rainbow-dairyTests */ = {
			isa = PBXNativeTarget;
			buildConfigurationList = 56EC18082B28703300FC208E /* Build configuration list for PBXNativeTarget "rainbow-dairyTests" */;
			buildPhases = (
				56EC17ED2B28703300FC208E /* Sources */,
				56EC17EE2B28703300FC208E /* Frameworks */,
				56EC17EF2B28703300FC208E /* Resources */,
			);
			buildRules = (
			);
			dependencies = (
				56EC17F32B28703300FC208E /* PBXTargetDependency */,
			);
			name = "rainbow-dairyTests";
			productName = "rainbow-dairyTests";
			productReference = 56EC17F12B28703300FC208E /* rainbow-dairyTests.xctest */;
			productType = "com.apple.product-type.bundle.unit-test";
		};
		56EC17FA2B28703300FC208E /* rainbow-dairyUITests */ = {
			isa = PBXNativeTarget;
			buildConfigurationList = 56EC180B2B28703300FC208E /* Build configuration list for PBXNativeTarget "rainbow-dairyUITests" */;
			buildPhases = (
				56EC17F72B28703300FC208E /* Sources */,
				56EC17F82B28703300FC208E /* Frameworks */,
				56EC17F92B28703300FC208E /* Resources */,
			);
			buildRules = (
			);
			dependencies = (
				56EC17FD2B28703300FC208E /* PBXTargetDependency */,
			);
			name = "rainbow-dairyUITests";
			productName = "rainbow-dairyUITests";
			productReference = 56EC17FB2B28703300FC208E /* rainbow-dairyUITests.xctest */;
			productType = "com.apple.product-type.bundle.ui-testing";
		};
/* End PBXNativeTarget section */

/* Begin PBXProject section */
		56EC17D92B28703100FC208E /* Project object */ = {
			isa = PBXProject;
			attributes = {
				BuildIndependentTargetsInParallel = 1;
				LastSwiftUpdateCheck = 1500;
				LastUpgradeCheck = 1500;
				TargetAttributes = {
					56EC17E02B28703100FC208E = {
						CreatedOnToolsVersion = 15.0.1;
					};
					56EC17F02B28703300FC208E = {
						CreatedOnToolsVersion = 15.0.1;
						TestTargetID = 56EC17E02B28703100FC208E;
					};
					56EC17FA2B28703300FC208E = {
						CreatedOnToolsVersion = 15.0.1;
						TestTargetID = 56EC17E02B28703100FC208E;
					};
				};
			};
			buildConfigurationList = 56EC17DC2B28703100FC208E /* Build configuration list for PBXProject "rainbow-dairy" */;
			compatibilityVersion = "Xcode 14.0";
			developmentRegion = en;
			hasScannedForEncodings = 0;
			knownRegions = (
				en,
				Base,
			);
			mainGroup = 56EC17D82B28703100FC208E;
			packageReferences = (
				562E7D1D2B2D3786003A5E5C /* XCRemoteSwiftPackageReference "OpenAI" */,
				562E7D262B2D9AF6003A5E5C /* XCRemoteSwiftPackageReference "ChartView" */,
				562E7D752B3ECB77003A5E5C /* XCRemoteSwiftPackageReference "MarkdownKit" */,
			);
			productRefGroup = 56EC17E22B28703100FC208E /* Products */;
			projectDirPath = "";
			projectRoot = "";
			targets = (
				56EC17E02B28703100FC208E /* rainbow-dairy */,
				56EC17F02B28703300FC208E /* rainbow-dairyTests */,
				56EC17FA2B28703300FC208E /* rainbow-dairyUITests */,
			);
		};
/* End PBXProject section */

/* Begin PBXResourcesBuildPhase section */
		56EC17DF2B28703100FC208E /* Resources */ = {
			isa = PBXResourcesBuildPhase;
			buildActionMask = 2147483647;
			files = (
				562E7D482B31E1AE003A5E5C /* README.md in Resources */,
				56EC17EC2B28703200FC208E /* Preview Assets.xcassets in Resources */,
				56EC17E92B28703200FC208E /* Assets.xcassets in Resources */,
			);
			runOnlyForDeploymentPostprocessing = 0;
		};
		56EC17EF2B28703300FC208E /* Resources */ = {
			isa = PBXResourcesBuildPhase;
			buildActionMask = 2147483647;
			files = (
			);
			runOnlyForDeploymentPostprocessing = 0;
		};
		56EC17F92B28703300FC208E /* Resources */ = {
			isa = PBXResourcesBuildPhase;
			buildActionMask = 2147483647;
			files = (
			);
			runOnlyForDeploymentPostprocessing = 0;
		};
/* End PBXResourcesBuildPhase section */

/* Begin PBXSourcesBuildPhase section */
		56EC17DD2B28703100FC208E /* Sources */ = {
			isa = PBXSourcesBuildPhase;
			buildActionMask = 2147483647;
			files = (
				562E7D722B3B068E003A5E5C /* SettingsView.swift in Sources */,
				562E7D232B2D576E003A5E5C /* StoryView.swift in Sources */,
				562E7D462B31E075003A5E5C /* DiaryModel.xcdatamodeld in Sources */,
				56EC17E72B28703100FC208E /* ContentView.swift in Sources */,
				562E7D1C2B2AB345003A5E5C /* MessageService.swift in Sources */,
				562E7D252B2D57A1003A5E5C /* InsightView.swift in Sources */,
				562E7D342B303D24003A5E5C /* InsightData.swift in Sources */,
				56A2EBC52B44414800A99222 /* Message.swift in Sources */,
				562E7D2A2B2E942F003A5E5C /* ChartTest.swift in Sources */,
				562E7D382B304067003A5E5C /* DataAnalysisService.swift in Sources */,
				56A2EBC12B442EBF00A99222 /* ChatStore.swift in Sources */,
				562E7D1A2B2AB1F1003A5E5C /* MessageHandler.swift in Sources */,
				562E7D212B2D574E003A5E5C /* TodayView.swift in Sources */,
				56A2EBC32B44413500A99222 /* Conversation.swift in Sources */,
				562E7D322B303CCF003A5E5C /* ChatViewModel.swift in Sources */,
				56EC17E52B28703100FC208E /* rainbow_dairyApp.swift in Sources */,
				562E7D742B3EC5F5003A5E5C /* EditorView.swift in Sources */,
				562E7D362B30405B003A5E5C /* DataStorageService.swift in Sources */,
				562E7D702B343D58003A5E5C /* OnboardingView.swift in Sources */,
			);
			runOnlyForDeploymentPostprocessing = 0;
		};
		56EC17ED2B28703300FC208E /* Sources */ = {
			isa = PBXSourcesBuildPhase;
			buildActionMask = 2147483647;
			files = (
				56EC17F62B28703300FC208E /* rainbow_dairyTests.swift in Sources */,
			);
			runOnlyForDeploymentPostprocessing = 0;
		};
		56EC17F72B28703300FC208E /* Sources */ = {
			isa = PBXSourcesBuildPhase;
			buildActionMask = 2147483647;
			files = (
				56EC18002B28703300FC208E /* rainbow_dairyUITests.swift in Sources */,
				56EC18022B28703300FC208E /* rainbow_dairyUITestsLaunchTests.swift in Sources */,
			);
			runOnlyForDeploymentPostprocessing = 0;
		};
/* End PBXSourcesBuildPhase section */

/* Begin PBXTargetDependency section */
		56EC17F32B28703300FC208E /* PBXTargetDependency */ = {
			isa = PBXTargetDependency;
			target = 56EC17E02B28703100FC208E /* rainbow-dairy */;
			targetProxy = 56EC17F22B28703300FC208E /* PBXContainerItemProxy */;
		};
		56EC17FD2B28703300FC208E /* PBXTargetDependency */ = {
			isa = PBXTargetDependency;
			target = 56EC17E02B28703100FC208E /* rainbow-dairy */;
			targetProxy = 56EC17FC2B28703300FC208E /* PBXContainerItemProxy */;
		};
/* End PBXTargetDependency section */

/* Begin XCBuildConfiguration section */
		56EC18032B28703300FC208E /* Debug */ = {
			isa = XCBuildConfiguration;
			buildSettings = {
				ALWAYS_SEARCH_USER_PATHS = NO;
				ASSETCATALOG_COMPILER_GENERATE_SWIFT_ASSET_SYMBOL_EXTENSIONS = YES;
				CLANG_ANALYZER_NONNULL = YES;
				CLANG_ANALYZER_NUMBER_OBJECT_CONVERSION = YES_AGGRESSIVE;
				CLANG_CXX_LANGUAGE_STANDARD = "gnu++20";
				CLANG_ENABLE_MODULES = YES;
				CLANG_ENABLE_OBJC_ARC = YES;
				CLANG_ENABLE_OBJC_WEAK = YES;
				CLANG_WARN_BLOCK_CAPTURE_AUTORELEASING = YES;
				CLANG_WARN_BOOL_CONVERSION = YES;
				CLANG_WARN_COMMA = YES;
				CLANG_WARN_CONSTANT_CONVERSION = YES;
				CLANG_WARN_DEPRECATED_OBJC_IMPLEMENTATIONS = YES;
				CLANG_WARN_DIRECT_OBJC_ISA_USAGE = YES_ERROR;
				CLANG_WARN_DOCUMENTATION_COMMENTS = YES;
				CLANG_WARN_EMPTY_BODY = YES;
				CLANG_WARN_ENUM_CONVERSION = YES;
				CLANG_WARN_INFINITE_RECURSION = YES;
				CLANG_WARN_INT_CONVERSION = YES;
				CLANG_WARN_NON_LITERAL_NULL_CONVERSION = YES;
				CLANG_WARN_OBJC_IMPLICIT_RETAIN_SELF = YES;
				CLANG_WARN_OBJC_LITERAL_CONVERSION = YES;
				CLANG_WARN_OBJC_ROOT_CLASS = YES_ERROR;
				CLANG_WARN_QUOTED_INCLUDE_IN_FRAMEWORK_HEADER = YES;
				CLANG_WARN_RANGE_LOOP_ANALYSIS = YES;
				CLANG_WARN_STRICT_PROTOTYPES = YES;
				CLANG_WARN_SUSPICIOUS_MOVE = YES;
				CLANG_WARN_UNGUARDED_AVAILABILITY = YES_AGGRESSIVE;
				CLANG_WARN_UNREACHABLE_CODE = YES;
				CLANG_WARN__DUPLICATE_METHOD_MATCH = YES;
				COPY_PHASE_STRIP = NO;
				DEBUG_INFORMATION_FORMAT = dwarf;
				ENABLE_STRICT_OBJC_MSGSEND = YES;
				ENABLE_TESTABILITY = YES;
				ENABLE_USER_SCRIPT_SANDBOXING = YES;
				GCC_C_LANGUAGE_STANDARD = gnu17;
				GCC_DYNAMIC_NO_PIC = NO;
				GCC_NO_COMMON_BLOCKS = YES;
				GCC_OPTIMIZATION_LEVEL = 0;
				GCC_PREPROCESSOR_DEFINITIONS = (
					"DEBUG=1",
					"$(inherited)",
				);
				GCC_WARN_64_TO_32_BIT_CONVERSION = YES;
				GCC_WARN_ABOUT_RETURN_TYPE = YES_ERROR;
				GCC_WARN_UNDECLARED_SELECTOR = YES;
				GCC_WARN_UNINITIALIZED_AUTOS = YES_AGGRESSIVE;
				GCC_WARN_UNUSED_FUNCTION = YES;
				GCC_WARN_UNUSED_VARIABLE = YES;
				IPHONEOS_DEPLOYMENT_TARGET = 17.0;
				LOCALIZATION_PREFERS_STRING_CATALOGS = YES;
				MTL_ENABLE_DEBUG_INFO = INCLUDE_SOURCE;
				MTL_FAST_MATH = YES;
				ONLY_ACTIVE_ARCH = YES;
				SDKROOT = iphoneos;
				SWIFT_ACTIVE_COMPILATION_CONDITIONS = "DEBUG $(inherited)";
				SWIFT_OPTIMIZATION_LEVEL = "-Onone";
			};
			name = Debug;
		};
		56EC18042B28703300FC208E /* Release */ = {
			isa = XCBuildConfiguration;
			buildSettings = {
				ALWAYS_SEARCH_USER_PATHS = NO;
				ASSETCATALOG_COMPILER_GENERATE_SWIFT_ASSET_SYMBOL_EXTENSIONS = YES;
				CLANG_ANALYZER_NONNULL = YES;
				CLANG_ANALYZER_NUMBER_OBJECT_CONVERSION = YES_AGGRESSIVE;
				CLANG_CXX_LANGUAGE_STANDARD = "gnu++20";
				CLANG_ENABLE_MODULES = YES;
				CLANG_ENABLE_OBJC_ARC = YES;
				CLANG_ENABLE_OBJC_WEAK = YES;
				CLANG_WARN_BLOCK_CAPTURE_AUTORELEASING = YES;
				CLANG_WARN_BOOL_CONVERSION = YES;
				CLANG_WARN_COMMA = YES;
				CLANG_WARN_CONSTANT_CONVERSION = YES;
				CLANG_WARN_DEPRECATED_OBJC_IMPLEMENTATIONS = YES;
				CLANG_WARN_DIRECT_OBJC_ISA_USAGE = YES_ERROR;
				CLANG_WARN_DOCUMENTATION_COMMENTS = YES;
				CLANG_WARN_EMPTY_BODY = YES;
				CLANG_WARN_ENUM_CONVERSION = YES;
				CLANG_WARN_INFINITE_RECURSION = YES;
				CLANG_WARN_INT_CONVERSION = YES;
				CLANG_WARN_NON_LITERAL_NULL_CONVERSION = YES;
				CLANG_WARN_OBJC_IMPLICIT_RETAIN_SELF = YES;
				CLANG_WARN_OBJC_LITERAL_CONVERSION = YES;
				CLANG_WARN_OBJC_ROOT_CLASS = YES_ERROR;
				CLANG_WARN_QUOTED_INCLUDE_IN_FRAMEWORK_HEADER = YES;
				CLANG_WARN_RANGE_LOOP_ANALYSIS = YES;
				CLANG_WARN_STRICT_PROTOTYPES = YES;
				CLANG_WARN_SUSPICIOUS_MOVE = YES;
				CLANG_WARN_UNGUARDED_AVAILABILITY = YES_AGGRESSIVE;
				CLANG_WARN_UNREACHABLE_CODE = YES;
				CLANG_WARN__DUPLICATE_METHOD_MATCH = YES;
				COPY_PHASE_STRIP = NO;
				DEBUG_INFORMATION_FORMAT = "dwarf-with-dsym";
				ENABLE_NS_ASSERTIONS = NO;
				ENABLE_STRICT_OBJC_MSGSEND = YES;
				ENABLE_USER_SCRIPT_SANDBOXING = YES;
				GCC_C_LANGUAGE_STANDARD = gnu17;
				GCC_NO_COMMON_BLOCKS = YES;
				GCC_WARN_64_TO_32_BIT_CONVERSION = YES;
				GCC_WARN_ABOUT_RETURN_TYPE = YES_ERROR;
				GCC_WARN_UNDECLARED_SELECTOR = YES;
				GCC_WARN_UNINITIALIZED_AUTOS = YES_AGGRESSIVE;
				GCC_WARN_UNUSED_FUNCTION = YES;
				GCC_WARN_UNUSED_VARIABLE = YES;
				IPHONEOS_DEPLOYMENT_TARGET = 17.0;
				LOCALIZATION_PREFERS_STRING_CATALOGS = YES;
				MTL_ENABLE_DEBUG_INFO = NO;
				MTL_FAST_MATH = YES;
				SDKROOT = iphoneos;
				SWIFT_COMPILATION_MODE = wholemodule;
				VALIDATE_PRODUCT = YES;
			};
			name = Release;
		};
		56EC18062B28703300FC208E /* Debug */ = {
			isa = XCBuildConfiguration;
			buildSettings = {
				ASSETCATALOG_COMPILER_APPICON_NAME = AppIcon;
				ASSETCATALOG_COMPILER_GLOBAL_ACCENT_COLOR_NAME = AccentColor;
				CODE_SIGN_STYLE = Automatic;
				CURRENT_PROJECT_VERSION = 1;
				DEVELOPMENT_ASSET_PATHS = "\"rainbow-dairy/Preview Content\"";
				DEVELOPMENT_TEAM = L9YYJSZ682;
				ENABLE_PREVIEWS = YES;
				GENERATE_INFOPLIST_FILE = YES;
				INFOPLIST_KEY_UIApplicationSceneManifest_Generation = YES;
				INFOPLIST_KEY_UIApplicationSupportsIndirectInputEvents = YES;
				INFOPLIST_KEY_UILaunchScreen_Generation = YES;
				INFOPLIST_KEY_UISupportedInterfaceOrientations_iPad = "UIInterfaceOrientationPortrait UIInterfaceOrientationPortraitUpsideDown UIInterfaceOrientationLandscapeLeft UIInterfaceOrientationLandscapeRight";
				INFOPLIST_KEY_UISupportedInterfaceOrientations_iPhone = "UIInterfaceOrientationPortrait UIInterfaceOrientationLandscapeLeft UIInterfaceOrientationLandscapeRight";
				LD_RUNPATH_SEARCH_PATHS = (
					"$(inherited)",
					"@executable_path/Frameworks",
				);
				MARKETING_VERSION = 1.0;
				PRODUCT_BUNDLE_IDENTIFIER = "com.huoshui.rainbow-dairy";
				PRODUCT_NAME = "$(TARGET_NAME)";
				SWIFT_EMIT_LOC_STRINGS = YES;
				SWIFT_VERSION = 5.0;
				TARGETED_DEVICE_FAMILY = "1,2";
			};
			name = Debug;
		};
		56EC18072B28703300FC208E /* Release */ = {
			isa = XCBuildConfiguration;
			buildSettings = {
				ASSETCATALOG_COMPILER_APPICON_NAME = AppIcon;
				ASSETCATALOG_COMPILER_GLOBAL_ACCENT_COLOR_NAME = AccentColor;
				CODE_SIGN_STYLE = Automatic;
				CURRENT_PROJECT_VERSION = 1;
				DEVELOPMENT_ASSET_PATHS = "\"rainbow-dairy/Preview Content\"";
				DEVELOPMENT_TEAM = L9YYJSZ682;
				ENABLE_PREVIEWS = YES;
				GENERATE_INFOPLIST_FILE = YES;
				INFOPLIST_KEY_UIApplicationSceneManifest_Generation = YES;
				INFOPLIST_KEY_UIApplicationSupportsIndirectInputEvents = YES;
				INFOPLIST_KEY_UILaunchScreen_Generation = YES;
				INFOPLIST_KEY_UISupportedInterfaceOrientations_iPad = "UIInterfaceOrientationPortrait UIInterfaceOrientationPortraitUpsideDown UIInterfaceOrientationLandscapeLeft UIInterfaceOrientationLandscapeRight";
				INFOPLIST_KEY_UISupportedInterfaceOrientations_iPhone = "UIInterfaceOrientationPortrait UIInterfaceOrientationLandscapeLeft UIInterfaceOrientationLandscapeRight";
				LD_RUNPATH_SEARCH_PATHS = (
					"$(inherited)",
					"@executable_path/Frameworks",
				);
				MARKETING_VERSION = 1.0;
				PRODUCT_BUNDLE_IDENTIFIER = "com.huoshui.rainbow-dairy";
				PRODUCT_NAME = "$(TARGET_NAME)";
				SWIFT_EMIT_LOC_STRINGS = YES;
				SWIFT_VERSION = 5.0;
				TARGETED_DEVICE_FAMILY = "1,2";
			};
			name = Release;
		};
		56EC18092B28703300FC208E /* Debug */ = {
			isa = XCBuildConfiguration;
			buildSettings = {
				ALWAYS_EMBED_SWIFT_STANDARD_LIBRARIES = YES;
				BUNDLE_LOADER = "$(TEST_HOST)";
				CODE_SIGN_STYLE = Automatic;
				CURRENT_PROJECT_VERSION = 1;
				DEVELOPMENT_TEAM = L9YYJSZ682;
				GENERATE_INFOPLIST_FILE = YES;
				IPHONEOS_DEPLOYMENT_TARGET = 17.0;
				MARKETING_VERSION = 1.0;
				PRODUCT_BUNDLE_IDENTIFIER = "com.huoshui.rainbow-dairyTests";
				PRODUCT_NAME = "$(TARGET_NAME)";
				SWIFT_EMIT_LOC_STRINGS = NO;
				SWIFT_VERSION = 5.0;
				TARGETED_DEVICE_FAMILY = "1,2";
				TEST_HOST = "$(BUILT_PRODUCTS_DIR)/rainbow-dairy.app/$(BUNDLE_EXECUTABLE_FOLDER_PATH)/rainbow-dairy";
			};
			name = Debug;
		};
		56EC180A2B28703300FC208E /* Release */ = {
			isa = XCBuildConfiguration;
			buildSettings = {
				ALWAYS_EMBED_SWIFT_STANDARD_LIBRARIES = YES;
				BUNDLE_LOADER = "$(TEST_HOST)";
				CODE_SIGN_STYLE = Automatic;
				CURRENT_PROJECT_VERSION = 1;
				DEVELOPMENT_TEAM = L9YYJSZ682;
				GENERATE_INFOPLIST_FILE = YES;
				IPHONEOS_DEPLOYMENT_TARGET = 17.0;
				MARKETING_VERSION = 1.0;
				PRODUCT_BUNDLE_IDENTIFIER = "com.huoshui.rainbow-dairyTests";
				PRODUCT_NAME = "$(TARGET_NAME)";
				SWIFT_EMIT_LOC_STRINGS = NO;
				SWIFT_VERSION = 5.0;
				TARGETED_DEVICE_FAMILY = "1,2";
				TEST_HOST = "$(BUILT_PRODUCTS_DIR)/rainbow-dairy.app/$(BUNDLE_EXECUTABLE_FOLDER_PATH)/rainbow-dairy";
			};
			name = Release;
		};
		56EC180C2B28703300FC208E /* Debug */ = {
			isa = XCBuildConfiguration;
			buildSettings = {
				ALWAYS_EMBED_SWIFT_STANDARD_LIBRARIES = YES;
				CODE_SIGN_STYLE = Automatic;
				CURRENT_PROJECT_VERSION = 1;
				DEVELOPMENT_TEAM = L9YYJSZ682;
				GENERATE_INFOPLIST_FILE = YES;
				MARKETING_VERSION = 1.0;
				PRODUCT_BUNDLE_IDENTIFIER = "com.huoshui.rainbow-dairyUITests";
				PRODUCT_NAME = "$(TARGET_NAME)";
				SWIFT_EMIT_LOC_STRINGS = NO;
				SWIFT_VERSION = 5.0;
				TARGETED_DEVICE_FAMILY = "1,2";
				TEST_TARGET_NAME = "rainbow-dairy";
			};
			name = Debug;
		};
		56EC180D2B28703300FC208E /* Release */ = {
			isa = XCBuildConfiguration;
			buildSettings = {
				ALWAYS_EMBED_SWIFT_STANDARD_LIBRARIES = YES;
				CODE_SIGN_STYLE = Automatic;
				CURRENT_PROJECT_VERSION = 1;
				DEVELOPMENT_TEAM = L9YYJSZ682;
				GENERATE_INFOPLIST_FILE = YES;
				MARKETING_VERSION = 1.0;
				PRODUCT_BUNDLE_IDENTIFIER = "com.huoshui.rainbow-dairyUITests";
				PRODUCT_NAME = "$(TARGET_NAME)";
				SWIFT_EMIT_LOC_STRINGS = NO;
				SWIFT_VERSION = 5.0;
				TARGETED_DEVICE_FAMILY = "1,2";
				TEST_TARGET_NAME = "rainbow-dairy";
			};
			name = Release;
		};
/* End XCBuildConfiguration section */

/* Begin XCConfigurationList section */
		56EC17DC2B28703100FC208E /* Build configuration list for PBXProject "rainbow-dairy" */ = {
			isa = XCConfigurationList;
			buildConfigurations = (
				56EC18032B28703300FC208E /* Debug */,
				56EC18042B28703300FC208E /* Release */,
			);
			defaultConfigurationIsVisible = 0;
			defaultConfigurationName = Release;
		};
		56EC18052B28703300FC208E /* Build configuration list for PBXNativeTarget "rainbow-dairy" */ = {
			isa = XCConfigurationList;
			buildConfigurations = (
				56EC18062B28703300FC208E /* Debug */,
				56EC18072B28703300FC208E /* Release */,
			);
			defaultConfigurationIsVisible = 0;
			defaultConfigurationName = Release;
		};
		56EC18082B28703300FC208E /* Build configuration list for PBXNativeTarget "rainbow-dairyTests" */ = {
			isa = XCConfigurationList;
			buildConfigurations = (
				56EC18092B28703300FC208E /* Debug */,
				56EC180A2B28703300FC208E /* Release */,
			);
			defaultConfigurationIsVisible = 0;
			defaultConfigurationName = Release;
		};
		56EC180B2B28703300FC208E /* Build configuration list for PBXNativeTarget "rainbow-dairyUITests" */ = {
			isa = XCConfigurationList;
			buildConfigurations = (
				56EC180C2B28703300FC208E /* Debug */,
				56EC180D2B28703300FC208E /* Release */,
			);
			defaultConfigurationIsVisible = 0;
			defaultConfigurationName = Release;
		};
/* End XCConfigurationList section */

/* Begin XCRemoteSwiftPackageReference section */
		562E7D1D2B2D3786003A5E5C /* XCRemoteSwiftPackageReference "OpenAI" */ = {
			isa = XCRemoteSwiftPackageReference;
			repositoryURL = "https://github.com/MacPaw/OpenAI";
			requirement = {
				branch = main;
				kind = branch;
			};
		};
		562E7D262B2D9AF6003A5E5C /* XCRemoteSwiftPackageReference "ChartView" */ = {
			isa = XCRemoteSwiftPackageReference;
			repositoryURL = "https://github.com/AppPear/ChartView";
			requirement = {
				kind = upToNextMajorVersion;
				minimumVersion = 1.5.5;
			};
		};
		562E7D752B3ECB77003A5E5C /* XCRemoteSwiftPackageReference "MarkdownKit" */ = {
			isa = XCRemoteSwiftPackageReference;
			repositoryURL = "https://github.com/bmoliveira/MarkdownKit";
			requirement = {
				branch = master;
				kind = branch;
			};
		};
/* End XCRemoteSwiftPackageReference section */

/* Begin XCSwiftPackageProductDependency section */
		562E7D1E2B2D3786003A5E5C /* OpenAI */ = {
			isa = XCSwiftPackageProductDependency;
			package = 562E7D1D2B2D3786003A5E5C /* XCRemoteSwiftPackageReference "OpenAI" */;
			productName = OpenAI;
		};
		562E7D272B2D9AF6003A5E5C /* SwiftUICharts */ = {
			isa = XCSwiftPackageProductDependency;
			package = 562E7D262B2D9AF6003A5E5C /* XCRemoteSwiftPackageReference "ChartView" */;
			productName = SwiftUICharts;
		};
		562E7D762B3ECB77003A5E5C /* MarkdownKit */ = {
			isa = XCSwiftPackageProductDependency;
			package = 562E7D752B3ECB77003A5E5C /* XCRemoteSwiftPackageReference "MarkdownKit" */;
			productName = MarkdownKit;
		};
/* End XCSwiftPackageProductDependency section */

/* Begin XCVersionGroup section */
		562E7D442B31E075003A5E5C /* DiaryModel.xcdatamodeld */ = {
			isa = XCVersionGroup;
			children = (
				562E7D452B31E075003A5E5C /* DiaryModel.xcdatamodel */,
			);
			currentVersion = 562E7D452B31E075003A5E5C /* DiaryModel.xcdatamodel */;
			path = DiaryModel.xcdatamodeld;
			sourceTree = "<group>";
			versionGroupType = wrapper.xcdatamodel;
		};
/* End XCVersionGroup section */
	};
	rootObject = 56EC17D92B28703100FC208E /* Project object */;
}
